
Microsoft Visual Studio Solution File, Format Version 12.00
# Visual Studio Version 16
VisualStudioVersion = 16.0.31702.278
MinimumVisualStudioVersion = 10.0.40219.1
Project("{FAE04EC0-301F-11D3-BF4B-00C04F79EFBC}") = "MyFirstApp", "MyFirstApp.csproj", "{EA914FED-734A-4CA6-8ADF-11DDE74B3EEF}"
EndProject
Global
	GlobalSection(SolutionConfigurationPlatforms) = preSolution
		Debug|Any CPU = Debug|Any CPU
		Release|Any CPU = Release|Any CPU
	EndGlobalSection
	GlobalSection(ProjectConfigurationPlatforms) = postSolution
		{EA914FED-734A-4CA6-8ADF-11DDE74B3EEF}.Debug|Any CPU.ActiveCfg = Debug|Any CPU
		{EA914FED-734A-4CA6-8ADF-11DDE74B3EEF}.Debug|Any CPU.Build.0 = Debug|Any CPU
		{EA914FED-734A-4CA6-8ADF-11DDE74B3EEF}.Release|Any CPU.ActiveCfg = Release|Any CPU
		{EA914FED-734A-4CA6-8ADF-11DDE74B3EEF}.Release|Any CPU.Build.0 = Release|Any CPU
	EndGlobalSection
	GlobalSection(SolutionProperties) = preSolution
		HideSolutionNode = FALSE
	EndGlobalSection
	GlobalSection(ExtensibilityGlobals) = postSolution
		SolutionGuid = {33F9A540-C911-40E8-B4F6-85CBD6CC0068}
	EndGlobalSection
EndGlobal
